// !$*UTF8*$!
{
	archiveVersion = 1;
	classes = {
	};
	objectVersion = 55;
	objects = {

/* Begin PBXBuildFile section */
		7E04F3AA27D7FF5100467FC9 /* MeetingFooterView.swift in Sources */ = {isa = PBXBuildFile; fileRef = 7E04F3A927D7FF5100467FC9 /* MeetingFooterView.swift */; };
		7E04F3AC27D8039500467FC9 /* AVPlayer+Ding.swift in Sources */ = {isa = PBXBuildFile; fileRef = 7E04F3AB27D8039500467FC9 /* AVPlayer+Ding.swift */; };
		7E04F3AF27D803F600467FC9 /* ding.wav in Resources */ = {isa = PBXBuildFile; fileRef = 7E04F3AE27D803F600467FC9 /* ding.wav */; };
		7E04F3B127D807F500467FC9 /* History.swift in Sources */ = {isa = PBXBuildFile; fileRef = 7E04F3B027D807F500467FC9 /* History.swift */; };
		7E04F3B327D8130A00467FC9 /* ScrumStore.swift in Sources */ = {isa = PBXBuildFile; fileRef = 7E04F3B227D8130A00467FC9 /* ScrumStore.swift */; };
		7E04F3B727D8218100467FC9 /* ErrorWrapper.swift in Sources */ = {isa = PBXBuildFile; fileRef = 7E04F3B627D8218100467FC9 /* ErrorWrapper.swift */; };
		7E04F3B927D821D900467FC9 /* ErrorView.swift in Sources */ = {isa = PBXBuildFile; fileRef = 7E04F3B827D821D900467FC9 /* ErrorView.swift */; };
		7E1819DA27A2202100D77593 /* ScrumdingerApp.swift in Sources */ = {isa = PBXBuildFile; fileRef = 7E1819D927A2202100D77593 /* ScrumdingerApp.swift */; };
		7E1819DC27A2202100D77593 /* MeetingView.swift in Sources */ = {isa = PBXBuildFile; fileRef = 7E1819DB27A2202100D77593 /* MeetingView.swift */; };
		7E1819DE27A2202200D77593 /* Assets.xcassets in Resources */ = {isa = PBXBuildFile; fileRef = 7E1819DD27A2202200D77593 /* Assets.xcassets */; };
		7E1819E127A2202200D77593 /* Preview Assets.xcassets in Resources */ = {isa = PBXBuildFile; fileRef = 7E1819E027A2202200D77593 /* Preview Assets.xcassets */; };
		7E1819EB27A2202200D77593 /* ScrumdingerTests.swift in Sources */ = {isa = PBXBuildFile; fileRef = 7E1819EA27A2202200D77593 /* ScrumdingerTests.swift */; };
		7E1819F527A2202200D77593 /* ScrumdingerUITests.swift in Sources */ = {isa = PBXBuildFile; fileRef = 7E1819F427A2202200D77593 /* ScrumdingerUITests.swift */; };
		7E1819F727A2202200D77593 /* ScrumdingerUITestsLaunchTests.swift in Sources */ = {isa = PBXBuildFile; fileRef = 7E1819F627A2202200D77593 /* ScrumdingerUITestsLaunchTests.swift */; };
		7E1DF17427AB51D5003A726F /* ThemeView.swift in Sources */ = {isa = PBXBuildFile; fileRef = 7E1DF17327AB51D5003A726F /* ThemeView.swift */; };
		7E1DF17627AB53A1003A726F /* ThemePickerView.swift in Sources */ = {isa = PBXBuildFile; fileRef = 7E1DF17527AB53A1003A726F /* ThemePickerView.swift */; };
		7E4AD01E27A8A77E007029F6 /* DetailEditView.swift in Sources */ = {isa = PBXBuildFile; fileRef = 7E4AD01D27A8A77E007029F6 /* DetailEditView.swift */; };
		7E4BA2A027A3674C0042E11B /* Theme.swift in Sources */ = {isa = PBXBuildFile; fileRef = 7E4BA29F27A3674C0042E11B /* Theme.swift */; };
		7E4BA2A227A3689F0042E11B /* DailyScrum.swift in Sources */ = {isa = PBXBuildFile; fileRef = 7E4BA2A127A3689F0042E11B /* DailyScrum.swift */; };
		7E4BA2A427A369FB0042E11B /* CardView.swift in Sources */ = {isa = PBXBuildFile; fileRef = 7E4BA2A327A369FB0042E11B /* CardView.swift */; };
		7E4BA2A627A36CFD0042E11B /* TrailingIconLabelStyle.swift in Sources */ = {isa = PBXBuildFile; fileRef = 7E4BA2A527A36CFD0042E11B /* TrailingIconLabelStyle.swift */; };
		7E4BA2A827A36F4B0042E11B /* ScrumsView.swift in Sources */ = {isa = PBXBuildFile; fileRef = 7E4BA2A727A36F4B0042E11B /* ScrumsView.swift */; };
		7E8C067727D6D9F300837E61 /* MeetingHeaderView.swift in Sources */ = {isa = PBXBuildFile; fileRef = 7E8C067627D6D9F300837E61 /* MeetingHeaderView.swift */; };
		7E8C067927D6DC5500837E61 /* ScrumProgressViewStyle.swift in Sources */ = {isa = PBXBuildFile; fileRef = 7E8C067827D6DC5500837E61 /* ScrumProgressViewStyle.swift */; };
		7E8C067B27D6DCFF00837E61 /* ScrumTimer.swift in Sources */ = {isa = PBXBuildFile; fileRef = 7E8C067A27D6DCFF00837E61 /* ScrumTimer.swift */; };
		7EBC03AF27A6105E000FD3AA /* DetailView.swift in Sources */ = {isa = PBXBuildFile; fileRef = 7EBC03AE27A6105E000FD3AA /* DetailView.swift */; };
/* End PBXBuildFile section */

/* Begin PBXContainerItemProxy section */
		7E1819E727A2202200D77593 /* PBXContainerItemProxy */ = {
			isa = PBXContainerItemProxy;
			containerPortal = 7E1819CE27A2202100D77593 /* Project object */;
			proxyType = 1;
			remoteGlobalIDString = 7E1819D527A2202100D77593;
			remoteInfo = Scrumdinger;
		};
		7E1819F127A2202200D77593 /* PBXContainerItemProxy */ = {
			isa = PBXContainerItemProxy;
			containerPortal = 7E1819CE27A2202100D77593 /* Project object */;
			proxyType = 1;
			remoteGlobalIDString = 7E1819D527A2202100D77593;
			remoteInfo = Scrumdinger;
		};
/* End PBXContainerItemProxy section */

/* Begin PBXFileReference section */
		7E04F3A927D7FF5100467FC9 /* MeetingFooterView.swift */ = {isa = PBXFileReference; lastKnownFileType = sourcecode.swift; path = MeetingFooterView.swift; sourceTree = "<group>"; };
		7E04F3AB27D8039500467FC9 /* AVPlayer+Ding.swift */ = {isa = PBXFileReference; lastKnownFileType = sourcecode.swift; path = "AVPlayer+Ding.swift"; sourceTree = "<group>"; };
		7E04F3AE27D803F600467FC9 /* ding.wav */ = {isa = PBXFileReference; lastKnownFileType = audio.wav; path = ding.wav; sourceTree = "<group>"; };
		7E04F3B027D807F500467FC9 /* History.swift */ = {isa = PBXFileReference; lastKnownFileType = sourcecode.swift; path = History.swift; sourceTree = "<group>"; };
		7E04F3B227D8130A00467FC9 /* ScrumStore.swift */ = {isa = PBXFileReference; lastKnownFileType = sourcecode.swift; path = ScrumStore.swift; sourceTree = "<group>"; };
		7E04F3B627D8218100467FC9 /* ErrorWrapper.swift */ = {isa = PBXFileReference; lastKnownFileType = sourcecode.swift; path = ErrorWrapper.swift; sourceTree = "<group>"; };
		7E04F3B827D821D900467FC9 /* ErrorView.swift */ = {isa = PBXFileReference; lastKnownFileType = sourcecode.swift; path = ErrorView.swift; sourceTree = "<group>"; };
		7E1819D627A2202100D77593 /* Scrumdinger.app */ = {isa = PBXFileReference; explicitFileType = wrapper.application; includeInIndex = 0; path = Scrumdinger.app; sourceTree = BUILT_PRODUCTS_DIR; };
		7E1819D927A2202100D77593 /* ScrumdingerApp.swift */ = {isa = PBXFileReference; lastKnownFileType = sourcecode.swift; path = ScrumdingerApp.swift; sourceTree = "<group>"; };
		7E1819DB27A2202100D77593 /* MeetingView.swift */ = {isa = PBXFileReference; lastKnownFileType = sourcecode.swift; path = MeetingView.swift; sourceTree = "<group>"; };
		7E1819DD27A2202200D77593 /* Assets.xcassets */ = {isa = PBXFileReference; lastKnownFileType = folder.assetcatalog; path = Assets.xcassets; sourceTree = "<group>"; };
		7E1819E027A2202200D77593 /* Preview Assets.xcassets */ = {isa = PBXFileReference; lastKnownFileType = folder.assetcatalog; path = "Preview Assets.xcassets"; sourceTree = "<group>"; };
		7E1819E627A2202200D77593 /* ScrumdingerTests.xctest */ = {isa = PBXFileReference; explicitFileType = wrapper.cfbundle; includeInIndex = 0; path = ScrumdingerTests.xctest; sourceTree = BUILT_PRODUCTS_DIR; };
		7E1819EA27A2202200D77593 /* ScrumdingerTests.swift */ = {isa = PBXFileReference; lastKnownFileType = sourcecode.swift; path = ScrumdingerTests.swift; sourceTree = "<group>"; };
		7E1819F027A2202200D77593 /* ScrumdingerUITests.xctest */ = {isa = PBXFileReference; explicitFileType = wrapper.cfbundle; includeInIndex = 0; path = ScrumdingerUITests.xctest; sourceTree = BUILT_PRODUCTS_DIR; };
		7E1819F427A2202200D77593 /* ScrumdingerUITests.swift */ = {isa = PBXFileReference; lastKnownFileType = sourcecode.swift; path = ScrumdingerUITests.swift; sourceTree = "<group>"; };
		7E1819F627A2202200D77593 /* ScrumdingerUITestsLaunchTests.swift */ = {isa = PBXFileReference; lastKnownFileType = sourcecode.swift; path = ScrumdingerUITestsLaunchTests.swift; sourceTree = "<group>"; };
		7E1DF17327AB51D5003A726F /* ThemeView.swift */ = {isa = PBXFileReference; lastKnownFileType = sourcecode.swift; path = ThemeView.swift; sourceTree = "<group>"; };
		7E1DF17527AB53A1003A726F /* ThemePickerView.swift */ = {isa = PBXFileReference; lastKnownFileType = sourcecode.swift; path = ThemePickerView.swift; sourceTree = "<group>"; };
		7E4AD01D27A8A77E007029F6 /* DetailEditView.swift */ = {isa = PBXFileReference; lastKnownFileType = sourcecode.swift; path = DetailEditView.swift; sourceTree = "<group>"; };
		7E4BA29F27A3674C0042E11B /* Theme.swift */ = {isa = PBXFileReference; lastKnownFileType = sourcecode.swift; path = Theme.swift; sourceTree = "<group>"; };
		7E4BA2A127A3689F0042E11B /* DailyScrum.swift */ = {isa = PBXFileReference; lastKnownFileType = sourcecode.swift; path = DailyScrum.swift; sourceTree = "<group>"; };
		7E4BA2A327A369FB0042E11B /* CardView.swift */ = {isa = PBXFileReference; lastKnownFileType = sourcecode.swift; path = CardView.swift; sourceTree = "<group>"; };
		7E4BA2A527A36CFD0042E11B /* TrailingIconLabelStyle.swift */ = {isa = PBXFileReference; lastKnownFileType = sourcecode.swift; path = TrailingIconLabelStyle.swift; sourceTree = "<group>"; };
		7E4BA2A727A36F4B0042E11B /* ScrumsView.swift */ = {isa = PBXFileReference; lastKnownFileType = sourcecode.swift; path = ScrumsView.swift; sourceTree = "<group>"; };
		7E8C067627D6D9F300837E61 /* MeetingHeaderView.swift */ = {isa = PBXFileReference; lastKnownFileType = sourcecode.swift; path = MeetingHeaderView.swift; sourceTree = "<group>"; };
		7E8C067827D6DC5500837E61 /* ScrumProgressViewStyle.swift */ = {isa = PBXFileReference; fileEncoding = 4; lastKnownFileType = sourcecode.swift; path = ScrumProgressViewStyle.swift; sourceTree = "<group>"; };
		7E8C067A27D6DCFF00837E61 /* ScrumTimer.swift */ = {isa = PBXFileReference; lastKnownFileType = sourcecode.swift; path = ScrumTimer.swift; sourceTree = "<group>"; };
		7EBC03AE27A6105E000FD3AA /* DetailView.swift */ = {isa = PBXFileReference; lastKnownFileType = sourcecode.swift; path = DetailView.swift; sourceTree = "<group>"; };
/* End PBXFileReference section */

/* Begin PBXFrameworksBuildPhase section */
		7E1819D327A2202100D77593 /* Frameworks */ = {
			isa = PBXFrameworksBuildPhase;
			buildActionMask = 2147483647;
			files = (
			);
			runOnlyForDeploymentPostprocessing = 0;
		};
		7E1819E327A2202200D77593 /* Frameworks */ = {
			isa = PBXFrameworksBuildPhase;
			buildActionMask = 2147483647;
			files = (
			);
			runOnlyForDeploymentPostprocessing = 0;
		};
		7E1819ED27A2202200D77593 /* Frameworks */ = {
			isa = PBXFrameworksBuildPhase;
			buildActionMask = 2147483647;
			files = (
			);
			runOnlyForDeploymentPostprocessing = 0;
		};
/* End PBXFrameworksBuildPhase section */

/* Begin PBXGroup section */
		7E04F3AD27D803D800467FC9 /* Resources */ = {
			isa = PBXGroup;
			children = (
				7E04F3AE27D803F600467FC9 /* ding.wav */,
			);
			path = Resources;
			sourceTree = "<group>";
		};
		7E1819CD27A2202100D77593 = {
			isa = PBXGroup;
			children = (
				7E1819D827A2202100D77593 /* Scrumdinger */,
				7E1819E927A2202200D77593 /* ScrumdingerTests */,
				7E1819F327A2202200D77593 /* ScrumdingerUITests */,
				7E1819D727A2202100D77593 /* Products */,
			);
			sourceTree = "<group>";
		};
		7E1819D727A2202100D77593 /* Products */ = {
			isa = PBXGroup;
			children = (
				7E1819D627A2202100D77593 /* Scrumdinger.app */,
				7E1819E627A2202200D77593 /* ScrumdingerTests.xctest */,
				7E1819F027A2202200D77593 /* ScrumdingerUITests.xctest */,
			);
			name = Products;
			sourceTree = "<group>";
		};
		7E1819D827A2202100D77593 /* Scrumdinger */ = {
			isa = PBXGroup;
			children = (
				7E04F3AD27D803D800467FC9 /* Resources */,
				7E4BA29E27A367210042E11B /* Models */,
				7E1819D927A2202100D77593 /* ScrumdingerApp.swift */,
				7E1819DB27A2202100D77593 /* MeetingView.swift */,
				7E04F3B827D821D900467FC9 /* ErrorView.swift */,
				7E04F3A927D7FF5100467FC9 /* MeetingFooterView.swift */,
				7E8C067627D6D9F300837E61 /* MeetingHeaderView.swift */,
				7E8C067A27D6DCFF00837E61 /* ScrumTimer.swift */,
				7E1819DD27A2202200D77593 /* Assets.xcassets */,
				7E1819DF27A2202200D77593 /* Preview Content */,
				7E4BA2A327A369FB0042E11B /* CardView.swift */,
				7EBC03AE27A6105E000FD3AA /* DetailView.swift */,
				7E1DF17327AB51D5003A726F /* ThemeView.swift */,
				7E1DF17527AB53A1003A726F /* ThemePickerView.swift */,
				7E8C067827D6DC5500837E61 /* ScrumProgressViewStyle.swift */,
				7E4AD01D27A8A77E007029F6 /* DetailEditView.swift */,
				7E4BA2A727A36F4B0042E11B /* ScrumsView.swift */,
				7E4BA2A527A36CFD0042E11B /* TrailingIconLabelStyle.swift */,
			);
			path = Scrumdinger;
			sourceTree = "<group>";
		};
		7E1819DF27A2202200D77593 /* Preview Content */ = {
			isa = PBXGroup;
			children = (
				7E1819E027A2202200D77593 /* Preview Assets.xcassets */,
			);
			path = "Preview Content";
			sourceTree = "<group>";
		};
		7E1819E927A2202200D77593 /* ScrumdingerTests */ = {
			isa = PBXGroup;
			children = (
				7E1819EA27A2202200D77593 /* ScrumdingerTests.swift */,
			);
			path = ScrumdingerTests;
			sourceTree = "<group>";
		};
		7E1819F327A2202200D77593 /* ScrumdingerUITests */ = {
			isa = PBXGroup;
			children = (
				7E1819F427A2202200D77593 /* ScrumdingerUITests.swift */,
				7E1819F627A2202200D77593 /* ScrumdingerUITestsLaunchTests.swift */,
			);
			path = ScrumdingerUITests;
			sourceTree = "<group>";
		};
		7E4BA29E27A367210042E11B /* Models */ = {
			isa = PBXGroup;
			children = (
				7E4BA29F27A3674C0042E11B /* Theme.swift */,
				7E04F3B027D807F500467FC9 /* History.swift */,
				7E04F3B227D8130A00467FC9 /* ScrumStore.swift */,
				7E04F3B627D8218100467FC9 /* ErrorWrapper.swift */,
				7E4BA2A127A3689F0042E11B /* DailyScrum.swift */,
				7E04F3AB27D8039500467FC9 /* AVPlayer+Ding.swift */,
			);
			path = Models;
			sourceTree = "<group>";
		};
/* End PBXGroup section */

/* Begin PBXNativeTarget section */
		7E1819D527A2202100D77593 /* Scrumdinger */ = {
			isa = PBXNativeTarget;
			buildConfigurationList = 7E1819FA27A2202200D77593 /* Build configuration list for PBXNativeTarget "Scrumdinger" */;
			buildPhases = (
				7E1819D227A2202100D77593 /* Sources */,
				7E1819D327A2202100D77593 /* Frameworks */,
				7E1819D427A2202100D77593 /* Resources */,
			);
			buildRules = (
			);
			dependencies = (
			);
			name = Scrumdinger;
			productName = Scrumdinger;
			productReference = 7E1819D627A2202100D77593 /* Scrumdinger.app */;
			productType = "com.apple.product-type.application";
		};
		7E1819E527A2202200D77593 /* ScrumdingerTests */ = {
			isa = PBXNativeTarget;
			buildConfigurationList = 7E1819FD27A2202200D77593 /* Build configuration list for PBXNativeTarget "ScrumdingerTests" */;
			buildPhases = (
				7E1819E227A2202200D77593 /* Sources */,
				7E1819E327A2202200D77593 /* Frameworks */,
				7E1819E427A2202200D77593 /* Resources */,
			);
			buildRules = (
			);
			dependencies = (
				7E1819E827A2202200D77593 /* PBXTargetDependency */,
			);
			name = ScrumdingerTests;
			productName = ScrumdingerTests;
			productReference = 7E1819E627A2202200D77593 /* ScrumdingerTests.xctest */;
			productType = "com.apple.product-type.bundle.unit-test";
		};
		7E1819EF27A2202200D77593 /* ScrumdingerUITests */ = {
			isa = PBXNativeTarget;
			buildConfigurationList = 7E181A0027A2202200D77593 /* Build configuration list for PBXNativeTarget "ScrumdingerUITests" */;
			buildPhases = (
				7E1819EC27A2202200D77593 /* Sources */,
				7E1819ED27A2202200D77593 /* Frameworks */,
				7E1819EE27A2202200D77593 /* Resources */,
			);
			buildRules = (
			);
			dependencies = (
				7E1819F227A2202200D77593 /* PBXTargetDependency */,
			);
			name = ScrumdingerUITests;
			productName = ScrumdingerUITests;
			productReference = 7E1819F027A2202200D77593 /* ScrumdingerUITests.xctest */;
			productType = "com.apple.product-type.bundle.ui-testing";
		};
/* End PBXNativeTarget section */

/* Begin PBXProject section */
		7E1819CE27A2202100D77593 /* Project object */ = {
			isa = PBXProject;
			attributes = {
				BuildIndependentTargetsInParallel = 1;
				LastSwiftUpdateCheck = 1320;
				LastUpgradeCheck = 1320;
				TargetAttributes = {
					7E1819D527A2202100D77593 = {
						CreatedOnToolsVersion = 13.2.1;
					};
					7E1819E527A2202200D77593 = {
						CreatedOnToolsVersion = 13.2.1;
						TestTargetID = 7E1819D527A2202100D77593;
					};
					7E1819EF27A2202200D77593 = {
						CreatedOnToolsVersion = 13.2.1;
						TestTargetID = 7E1819D527A2202100D77593;
					};
				};
			};
			buildConfigurationList = 7E1819D127A2202100D77593 /* Build configuration list for PBXProject "Scrumdinger" */;
			compatibilityVersion = "Xcode 13.0";
			developmentRegion = en;
			hasScannedForEncodings = 0;
			knownRegions = (
				en,
				Base,
			);
			mainGroup = 7E1819CD27A2202100D77593;
			productRefGroup = 7E1819D727A2202100D77593 /* Products */;
			projectDirPath = "";
			projectRoot = "";
			targets = (
				7E1819D527A2202100D77593 /* Scrumdinger */,
				7E1819E527A2202200D77593 /* ScrumdingerTests */,
				7E1819EF27A2202200D77593 /* ScrumdingerUITests */,
			);
		};
/* End PBXProject section */

/* Begin PBXResourcesBuildPhase section */
		7E1819D427A2202100D77593 /* Resources */ = {
			isa = PBXResourcesBuildPhase;
			buildActionMask = 2147483647;
			files = (
				7E04F3AF27D803F600467FC9 /* ding.wav in Resources */,
				7E1819E127A2202200D77593 /* Preview Assets.xcassets in Resources */,
				7E1819DE27A2202200D77593 /* Assets.xcassets in Resources */,
			);
			runOnlyForDeploymentPostprocessing = 0;
		};
		7E1819E427A2202200D77593 /* Resources */ = {
			isa = PBXResourcesBuildPhase;
			buildActionMask = 2147483647;
			files = (
			);
			runOnlyForDeploymentPostprocessing = 0;
		};
		7E1819EE27A2202200D77593 /* Resources */ = {
			isa = PBXResourcesBuildPhase;
			buildActionMask = 2147483647;
			files = (
			);
			runOnlyForDeploymentPostprocessing = 0;
		};
/* End PBXResourcesBuildPhase section */

/* Begin PBXSourcesBuildPhase section */
		7E1819D227A2202100D77593 /* Sources */ = {
			isa = PBXSourcesBuildPhase;
			buildActionMask = 2147483647;
			files = (
				7E04F3B127D807F500467FC9 /* History.swift in Sources */,
				7E4BA2A227A3689F0042E11B /* DailyScrum.swift in Sources */,
				7E8C067927D6DC5500837E61 /* ScrumProgressViewStyle.swift in Sources */,
				7E04F3AA27D7FF5100467FC9 /* MeetingFooterView.swift in Sources */,
				7E04F3B327D8130A00467FC9 /* ScrumStore.swift in Sources */,
				7E8C067B27D6DCFF00837E61 /* ScrumTimer.swift in Sources */,
				7EBC03AF27A6105E000FD3AA /* DetailView.swift in Sources */,
				7E4AD01E27A8A77E007029F6 /* DetailEditView.swift in Sources */,
				7E8C067727D6D9F300837E61 /* MeetingHeaderView.swift in Sources */,
				7E4BA2A627A36CFD0042E11B /* TrailingIconLabelStyle.swift in Sources */,
				7E04F3B727D8218100467FC9 /* ErrorWrapper.swift in Sources */,
				7E4BA2A027A3674C0042E11B /* Theme.swift in Sources */,
				7E1DF17627AB53A1003A726F /* ThemePickerView.swift in Sources */,
				7E4BA2A827A36F4B0042E11B /* ScrumsView.swift in Sources */,
				7E1819DC27A2202100D77593 /* MeetingView.swift in Sources */,
				7E04F3B927D821D900467FC9 /* ErrorView.swift in Sources */,
				7E1819DA27A2202100D77593 /* ScrumdingerApp.swift in Sources */,
				7E1DF17427AB51D5003A726F /* ThemeView.swift in Sources */,
				7E4BA2A427A369FB0042E11B /* CardView.swift in Sources */,
				7E04F3AC27D8039500467FC9 /* AVPlayer+Ding.swift in Sources */,
			);
			runOnlyForDeploymentPostprocessing = 0;
		};
		7E1819E227A2202200D77593 /* Sources */ = {
			isa = PBXSourcesBuildPhase;
			buildActionMask = 2147483647;
			files = (
				7E1819EB27A2202200D77593 /* ScrumdingerTests.swift in Sources */,
			);
			runOnlyForDeploymentPostprocessing = 0;
		};
		7E1819EC27A2202200D77593 /* Sources */ = {
			isa = PBXSourcesBuildPhase;
			buildActionMask = 2147483647;
			files = (
				7E1819F727A2202200D77593 /* ScrumdingerUITestsLaunchTests.swift in Sources */,
				7E1819F527A2202200D77593 /* ScrumdingerUITests.swift in Sources */,
			);
			runOnlyForDeploymentPostprocessing = 0;
		};
/* End PBXSourcesBuildPhase section */

/* Begin PBXTargetDependency section */
		7E1819E827A2202200D77593 /* PBXTargetDependency */ = {
			isa = PBXTargetDependency;
			target = 7E1819D527A2202100D77593 /* Scrumdinger */;
			targetProxy = 7E1819E727A2202200D77593 /* PBXContainerItemProxy */;
		};
		7E1819F227A2202200D77593 /* PBXTargetDependency */ = {
			isa = PBXTargetDependency;
			target = 7E1819D527A2202100D77593 /* Scrumdinger */;
			targetProxy = 7E1819F127A2202200D77593 /* PBXContainerItemProxy */;
		};
/* End PBXTargetDependency section */

/* Begin XCBuildConfiguration section */
		7E1819F827A2202200D77593 /* Debug */ = {
			isa = XCBuildConfiguration;
			buildSettings = {
				ALWAYS_SEARCH_USER_PATHS = NO;
				CLANG_ANALYZER_NONNULL = YES;
				CLANG_ANALYZER_NUMBER_OBJECT_CONVERSION = YES_AGGRESSIVE;
				CLANG_CXX_LANGUAGE_STANDARD = "gnu++17";
				CLANG_CXX_LIBRARY = "libc++";
				CLANG_ENABLE_MODULES = YES;
				CLANG_ENABLE_OBJC_ARC = YES;
				CLANG_ENABLE_OBJC_WEAK = YES;
				CLANG_WARN_BLOCK_CAPTURE_AUTORELEASING = YES;
				CLANG_WARN_BOOL_CONVERSION = YES;
				CLANG_WARN_COMMA = YES;
				CLANG_WARN_CONSTANT_CONVERSION = YES;
				CLANG_WARN_DEPRECATED_OBJC_IMPLEMENTATIONS = YES;
				CLANG_WARN_DIRECT_OBJC_ISA_USAGE = YES_ERROR;
				CLANG_WARN_DOCUMENTATION_COMMENTS = YES;
				CLANG_WARN_EMPTY_BODY = YES;
				CLANG_WARN_ENUM_CONVERSION = YES;
				CLANG_WARN_INFINITE_RECURSION = YES;
				CLANG_WARN_INT_CONVERSION = YES;
				CLANG_WARN_NON_LITERAL_NULL_CONVERSION = YES;
				CLANG_WARN_OBJC_IMPLICIT_RETAIN_SELF = YES;
				CLANG_WARN_OBJC_LITERAL_CONVERSION = YES;
				CLANG_WARN_OBJC_ROOT_CLASS = YES_ERROR;
				CLANG_WARN_QUOTED_INCLUDE_IN_FRAMEWORK_HEADER = YES;
				CLANG_WARN_RANGE_LOOP_ANALYSIS = YES;
				CLANG_WARN_STRICT_PROTOTYPES = YES;
				CLANG_WARN_SUSPICIOUS_MOVE = YES;
				CLANG_WARN_UNGUARDED_AVAILABILITY = YES_AGGRESSIVE;
				CLANG_WARN_UNREACHABLE_CODE = YES;
				CLANG_WARN__DUPLICATE_METHOD_MATCH = YES;
				COPY_PHASE_STRIP = NO;
				DEBUG_INFORMATION_FORMAT = dwarf;
				ENABLE_STRICT_OBJC_MSGSEND = YES;
				ENABLE_TESTABILITY = YES;
				GCC_C_LANGUAGE_STANDARD = gnu11;
				GCC_DYNAMIC_NO_PIC = NO;
				GCC_NO_COMMON_BLOCKS = YES;
				GCC_OPTIMIZATION_LEVEL = 0;
				GCC_PREPROCESSOR_DEFINITIONS = (
					"DEBUG=1",
					"$(inherited)",
				);
				GCC_WARN_64_TO_32_BIT_CONVERSION = YES;
				GCC_WARN_ABOUT_RETURN_TYPE = YES_ERROR;
				GCC_WARN_UNDECLARED_SELECTOR = YES;
				GCC_WARN_UNINITIALIZED_AUTOS = YES_AGGRESSIVE;
				GCC_WARN_UNUSED_FUNCTION = YES;
				GCC_WARN_UNUSED_VARIABLE = YES;
				IPHONEOS_DEPLOYMENT_TARGET = 15.0;
				MTL_ENABLE_DEBUG_INFO = INCLUDE_SOURCE;
				MTL_FAST_MATH = YES;
				ONLY_ACTIVE_ARCH = YES;
				SDKROOT = iphoneos;
				SWIFT_ACTIVE_COMPILATION_CONDITIONS = DEBUG;
				SWIFT_OPTIMIZATION_LEVEL = "-Onone";
			};
			name = Debug;
		};
		7E1819F927A2202200D77593 /* Release */ = {
			isa = XCBuildConfiguration;
			buildSettings = {
				ALWAYS_SEARCH_USER_PATHS = NO;
				CLANG_ANALYZER_NONNULL = YES;
				CLANG_ANALYZER_NUMBER_OBJECT_CONVERSION = YES_AGGRESSIVE;
				CLANG_CXX_LANGUAGE_STANDARD = "gnu++17";
				CLANG_CXX_LIBRARY = "libc++";
				CLANG_ENABLE_MODULES = YES;
				CLANG_ENABLE_OBJC_ARC = YES;
				CLANG_ENABLE_OBJC_WEAK = YES;
				CLANG_WARN_BLOCK_CAPTURE_AUTORELEASING = YES;
				CLANG_WARN_BOOL_CONVERSION = YES;
				CLANG_WARN_COMMA = YES;
				CLANG_WARN_CONSTANT_CONVERSION = YES;
				CLANG_WARN_DEPRECATED_OBJC_IMPLEMENTATIONS = YES;
				CLANG_WARN_DIRECT_OBJC_ISA_USAGE = YES_ERROR;
				CLANG_WARN_DOCUMENTATION_COMMENTS = YES;
				CLANG_WARN_EMPTY_BODY = YES;
				CLANG_WARN_ENUM_CONVERSION = YES;
				CLANG_WARN_INFINITE_RECURSION = YES;
				CLANG_WARN_INT_CONVERSION = YES;
				CLANG_WARN_NON_LITERAL_NULL_CONVERSION = YES;
				CLANG_WARN_OBJC_IMPLICIT_RETAIN_SELF = YES;
				CLANG_WARN_OBJC_LITERAL_CONVERSION = YES;
				CLANG_WARN_OBJC_ROOT_CLASS = YES_ERROR;
				CLANG_WARN_QUOTED_INCLUDE_IN_FRAMEWORK_HEADER = YES;
				CLANG_WARN_RANGE_LOOP_ANALYSIS = YES;
				CLANG_WARN_STRICT_PROTOTYPES = YES;
				CLANG_WARN_SUSPICIOUS_MOVE = YES;
				CLANG_WARN_UNGUARDED_AVAILABILITY = YES_AGGRESSIVE;
				CLANG_WARN_UNREACHABLE_CODE = YES;
				CLANG_WARN__DUPLICATE_METHOD_MATCH = YES;
				COPY_PHASE_STRIP = NO;
				DEBUG_INFORMATION_FORMAT = "dwarf-with-dsym";
				ENABLE_NS_ASSERTIONS = NO;
				ENABLE_STRICT_OBJC_MSGSEND = YES;
				GCC_C_LANGUAGE_STANDARD = gnu11;
				GCC_NO_COMMON_BLOCKS = YES;
				GCC_WARN_64_TO_32_BIT_CONVERSION = YES;
				GCC_WARN_ABOUT_RETURN_TYPE = YES_ERROR;
				GCC_WARN_UNDECLARED_SELECTOR = YES;
				GCC_WARN_UNINITIALIZED_AUTOS = YES_AGGRESSIVE;
				GCC_WARN_UNUSED_FUNCTION = YES;
				GCC_WARN_UNUSED_VARIABLE = YES;
				IPHONEOS_DEPLOYMENT_TARGET = 15.0;
				MTL_ENABLE_DEBUG_INFO = NO;
				MTL_FAST_MATH = YES;
				SDKROOT = iphoneos;
				SWIFT_COMPILATION_MODE = wholemodule;
				SWIFT_OPTIMIZATION_LEVEL = "-O";
				VALIDATE_PRODUCT = YES;
			};
			name = Release;
		};
		7E1819FB27A2202200D77593 /* Debug */ = {
			isa = XCBuildConfiguration;
			buildSettings = {
				ASSETCATALOG_COMPILER_APPICON_NAME = AppIcon;
				ASSETCATALOG_COMPILER_GLOBAL_ACCENT_COLOR_NAME = AccentColor;
				CODE_SIGN_STYLE = Automatic;
				CURRENT_PROJECT_VERSION = 1;
				DEVELOPMENT_ASSET_PATHS = "\"Scrumdinger/Preview Content\"";
				ENABLE_PREVIEWS = YES;
				GENERATE_INFOPLIST_FILE = YES;
				INFOPLIST_KEY_UIApplicationSceneManifest_Generation = YES;
				INFOPLIST_KEY_UIApplicationSupportsIndirectInputEvents = YES;
				INFOPLIST_KEY_UILaunchScreen_Generation = YES;
				INFOPLIST_KEY_UISupportedInterfaceOrientations_iPad = "UIInterfaceOrientationPortrait UIInterfaceOrientationPortraitUpsideDown UIInterfaceOrientationLandscapeLeft UIInterfaceOrientationLandscapeRight";
				INFOPLIST_KEY_UISupportedInterfaceOrientations_iPhone = "UIInterfaceOrientationPortrait UIInterfaceOrientationLandscapeLeft UIInterfaceOrientationLandscapeRight";
				LD_RUNPATH_SEARCH_PATHS = (
					"$(inherited)",
					"@executable_path/Frameworks",
				);
				MARKETING_VERSION = 1.0;
				PRODUCT_BUNDLE_IDENTIFIER = djsamseng.Scrumdinger;
				PRODUCT_NAME = "$(TARGET_NAME)";
				SWIFT_EMIT_LOC_STRINGS = YES;
				SWIFT_VERSION = 5.0;
				TARGETED_DEVICE_FAMILY = "1,2";
			};
			name = Debug;
		};
		7E1819FC27A2202200D77593 /* Release */ = {
			isa = XCBuildConfiguration;
			buildSettings = {
				ASSETCATALOG_COMPILER_APPICON_NAME = AppIcon;
				ASSETCATALOG_COMPILER_GLOBAL_ACCENT_COLOR_NAME = AccentColor;
				CODE_SIGN_STYLE = Automatic;
				CURRENT_PROJECT_VERSION = 1;
				DEVELOPMENT_ASSET_PATHS = "\"Scrumdinger/Preview Content\"";
				ENABLE_PREVIEWS = YES;
				GENERATE_INFOPLIST_FILE = YES;
				INFOPLIST_KEY_UIApplicationSceneManifest_Generation = YES;
				INFOPLIST_KEY_UIApplicationSupportsIndirectInputEvents = YES;
				INFOPLIST_KEY_UILaunchScreen_Generation = YES;
				INFOPLIST_KEY_UISupportedInterfaceOrientations_iPad = "UIInterfaceOrientationPortrait UIInterfaceOrientationPortraitUpsideDown UIInterfaceOrientationLandscapeLeft UIInterfaceOrientationLandscapeRight";
				INFOPLIST_KEY_UISupportedInterfaceOrientations_iPhone = "UIInterfaceOrientationPortrait UIInterfaceOrientationLandscapeLeft UIInterfaceOrientationLandscapeRight";
				LD_RUNPATH_SEARCH_PATHS = (
					"$(inherited)",
					"@executable_path/Frameworks",
				);
				MARKETING_VERSION = 1.0;
				PRODUCT_BUNDLE_IDENTIFIER = djsamseng.Scrumdinger;
				PRODUCT_NAME = "$(TARGET_NAME)";
				SWIFT_EMIT_LOC_STRINGS = YES;
				SWIFT_VERSION = 5.0;
				TARGETED_DEVICE_FAMILY = "1,2";
			};
			name = Release;
		};
		7E1819FE27A2202200D77593 /* Debug */ = {
			isa = XCBuildConfiguration;
			buildSettings = {
				ALWAYS_EMBED_SWIFT_STANDARD_LIBRARIES = YES;
				BUNDLE_LOADER = "$(TEST_HOST)";
				CODE_SIGN_STYLE = Automatic;
				CURRENT_PROJECT_VERSION = 1;
				GENERATE_INFOPLIST_FILE = YES;
				IPHONEOS_DEPLOYMENT_TARGET = 15.2;
				MARKETING_VERSION = 1.0;
				PRODUCT_BUNDLE_IDENTIFIER = djsamseng.ScrumdingerTests;
				PRODUCT_NAME = "$(TARGET_NAME)";
				SWIFT_EMIT_LOC_STRINGS = NO;
				SWIFT_VERSION = 5.0;
				TARGETED_DEVICE_FAMILY = "1,2";
				TEST_HOST = "$(BUILT_PRODUCTS_DIR)/Scrumdinger.app/Scrumdinger";
			};
			name = Debug;
		};
		7E1819FF27A2202200D77593 /* Release */ = {
			isa = XCBuildConfiguration;
			buildSettings = {
				ALWAYS_EMBED_SWIFT_STANDARD_LIBRARIES = YES;
				BUNDLE_LOADER = "$(TEST_HOST)";
				CODE_SIGN_STYLE = Automatic;
				CURRENT_PROJECT_VERSION = 1;
				GENERATE_INFOPLIST_FILE = YES;
				IPHONEOS_DEPLOYMENT_TARGET = 15.2;
				MARKETING_VERSION = 1.0;
				PRODUCT_BUNDLE_IDENTIFIER = djsamseng.ScrumdingerTests;
				PRODUCT_NAME = "$(TARGET_NAME)";
				SWIFT_EMIT_LOC_STRINGS = NO;
				SWIFT_VERSION = 5.0;
				TARGETED_DEVICE_FAMILY = "1,2";
				TEST_HOST = "$(BUILT_PRODUCTS_DIR)/Scrumdinger.app/Scrumdinger";
			};
			name = Release;
		};
		7E181A0127A2202200D77593 /* Debug */ = {
			isa = XCBuildConfiguration;
			buildSettings = {
				ALWAYS_EMBED_SWIFT_STANDARD_LIBRARIES = YES;
				CODE_SIGN_STYLE = Automatic;
				CURRENT_PROJECT_VERSION = 1;
				GENERATE_INFOPLIST_FILE = YES;
				MARKETING_VERSION = 1.0;
				PRODUCT_BUNDLE_IDENTIFIER = djsamseng.ScrumdingerUITests;
				PRODUCT_NAME = "$(TARGET_NAME)";
				SWIFT_EMIT_LOC_STRINGS = NO;
				SWIFT_VERSION = 5.0;
				TARGETED_DEVICE_FAMILY = "1,2";
				TEST_TARGET_NAME = Scrumdinger;
			};
			name = Debug;
		};
		7E181A0227A2202200D77593 /* Release */ = {
			isa = XCBuildConfiguration;
			buildSettings = {
				ALWAYS_EMBED_SWIFT_STANDARD_LIBRARIES = YES;
				CODE_SIGN_STYLE = Automatic;
				CURRENT_PROJECT_VERSION = 1;
				GENERATE_INFOPLIST_FILE = YES;
				MARKETING_VERSION = 1.0;
				PRODUCT_BUNDLE_IDENTIFIER = djsamseng.ScrumdingerUITests;
				PRODUCT_NAME = "$(TARGET_NAME)";
				SWIFT_EMIT_LOC_STRINGS = NO;
				SWIFT_VERSION = 5.0;
				TARGETED_DEVICE_FAMILY = "1,2";
				TEST_TARGET_NAME = Scrumdinger;
			};
			name = Release;
		};
/* End XCBuildConfiguration section */

/* Begin XCConfigurationList section */
		7E1819D127A2202100D77593 /* Build configuration list for PBXProject "Scrumdinger" */ = {
			isa = XCConfigurationList;
			buildConfigurations = (
				7E1819F827A2202200D77593 /* Debug */,
				7E1819F927A2202200D77593 /* Release */,
			);
			defaultConfigurationIsVisible = 0;
			defaultConfigurationName = Release;
		};
		7E1819FA27A2202200D77593 /* Build configuration list for PBXNativeTarget "Scrumdinger" */ = {
			isa = XCConfigurationList;
			buildConfigurations = (
				7E1819FB27A2202200D77593 /* Debug */,
				7E1819FC27A2202200D77593 /* Release */,
			);
			defaultConfigurationIsVisible = 0;
			defaultConfigurationName = Release;
		};
		7E1819FD27A2202200D77593 /* Build configuration list for PBXNativeTarget "ScrumdingerTests" */ = {
			isa = XCConfigurationList;
			buildConfigurations = (
				7E1819FE27A2202200D77593 /* Debug */,
				7E1819FF27A2202200D77593 /* Release */,
			);
			defaultConfigurationIsVisible = 0;
			defaultConfigurationName = Release;
		};
		7E181A0027A2202200D77593 /* Build configuration list for PBXNativeTarget "ScrumdingerUITests" */ = {
			isa = XCConfigurationList;
			buildConfigurations = (
				7E181A0127A2202200D77593 /* Debug */,
				7E181A0227A2202200D77593 /* Release */,
			);
			defaultConfigurationIsVisible = 0;
			defaultConfigurationName = Release;
		};
/* End XCConfigurationList section */
	};
	rootObject = 7E1819CE27A2202100D77593 /* Project object */;
}
